
Microsoft Visual Studio Solution File, Format Version 12.00
# Visual Studio Version 17
VisualStudioVersion = 17.3.32901.215
MinimumVisualStudioVersion = 10.0.40219.1
Project("{FAE04EC0-301F-11D3-BF4B-00C04F79EFBC}") = "GameChanger", "GameChanger\GameChanger.csproj", "{02362B61-BDED-4B0E-B250-D554F8447E4D}"
EndProject
Global
	GlobalSection(SolutionConfigurationPlatforms) = preSolution
		Debug|Any CPU = Debug|Any CPU
		Release|Any CPU = Release|Any CPU
	EndGlobalSection
	GlobalSection(ProjectConfigurationPlatforms) = postSolution
		{02362B61-BDED-4B0E-B250-D554F8447E4D}.Debug|Any CPU.ActiveCfg = Debug|Any CPU
		{02362B61-BDED-4B0E-B250-D554F8447E4D}.Debug|Any CPU.Build.0 = Debug|Any CPU
		{02362B61-BDED-4B0E-B250-D554F8447E4D}.Release|Any CPU.ActiveCfg = Release|Any CPU
		{02362B61-BDED-4B0E-B250-D554F8447E4D}.Release|Any CPU.Build.0 = Release|Any CPU
	EndGlobalSection
	GlobalSection(SolutionProperties) = preSolution
		HideSolutionNode = FALSE
	EndGlobalSection
	GlobalSection(ExtensibilityGlobals) = postSolution
		SolutionGuid = {A896F290-89D8-4791-BE0A-9C34B4150896}
	EndGlobalSection
EndGlobal
